// !$*UTF8*$!
{
	archiveVersion = 1;
	classes = {
	};
	objectVersion = 46;
	objects = {

/* Begin PBXBuildFile section */
		1886372B1D9AA35000532D96 /* AUDate.swift in Sources */ = {isa = PBXBuildFile; fileRef = 1886372A1D9AA35000532D96 /* AUDate.swift */; };
		1894E14C1D7CACF800F1852A /* AppDelegate.swift in Sources */ = {isa = PBXBuildFile; fileRef = 1894E14B1D7CACF800F1852A /* AppDelegate.swift */; };
		1894E14E1D7CACF800F1852A /* ViewController.swift in Sources */ = {isa = PBXBuildFile; fileRef = 1894E14D1D7CACF800F1852A /* ViewController.swift */; };
		1894E1511D7CACF800F1852A /* Main.storyboard in Resources */ = {isa = PBXBuildFile; fileRef = 1894E14F1D7CACF800F1852A /* Main.storyboard */; };
		1894E1531D7CACF800F1852A /* Assets.xcassets in Resources */ = {isa = PBXBuildFile; fileRef = 1894E1521D7CACF800F1852A /* Assets.xcassets */; };
		1894E1561D7CACF800F1852A /* LaunchScreen.storyboard in Resources */ = {isa = PBXBuildFile; fileRef = 1894E1541D7CACF800F1852A /* LaunchScreen.storyboard */; };
		1894E1611D7CACF800F1852A /* AppUtilityExampleTests.swift in Sources */ = {isa = PBXBuildFile; fileRef = 1894E1601D7CACF800F1852A /* AppUtilityExampleTests.swift */; };
		1894E1741D7CAD7500F1852A /* AUAlertMessage.swift in Sources */ = {isa = PBXBuildFile; fileRef = 1894E16C1D7CAD7500F1852A /* AUAlertMessage.swift */; };
		1894E1751D7CAD7500F1852A /* AUColor.swift in Sources */ = {isa = PBXBuildFile; fileRef = 1894E16D1D7CAD7500F1852A /* AUColor.swift */; };
		1894E1761D7CAD7500F1852A /* AUImage.swift in Sources */ = {isa = PBXBuildFile; fileRef = 1894E16E1D7CAD7500F1852A /* AUImage.swift */; };
		1894E1771D7CAD7500F1852A /* AULabel.swift in Sources */ = {isa = PBXBuildFile; fileRef = 1894E16F1D7CAD7500F1852A /* AULabel.swift */; };
		1894E1781D7CAD7500F1852A /* AUReachability.swift in Sources */ = {isa = PBXBuildFile; fileRef = 1894E1701D7CAD7500F1852A /* AUReachability.swift */; };
		1894E1791D7CAD7500F1852A /* AUString.swift in Sources */ = {isa = PBXBuildFile; fileRef = 1894E1711D7CAD7500F1852A /* AUString.swift */; };
		1894E17A1D7CAD7500F1852A /* AUTextField.swift in Sources */ = {isa = PBXBuildFile; fileRef = 1894E1721D7CAD7500F1852A /* AUTextField.swift */; };
		18F6C1FF1DBE12CA00AA964C /* AUImageView.swift in Sources */ = {isa = PBXBuildFile; fileRef = 18F6C1FE1DBE12CA00AA964C /* AUImageView.swift */; };
/* End PBXBuildFile section */

/* Begin PBXContainerItemProxy section */
		1894E15D1D7CACF800F1852A /* PBXContainerItemProxy */ = {
			isa = PBXContainerItemProxy;
			containerPortal = 1894E1401D7CACF800F1852A /* Project object */;
			proxyType = 1;
			remoteGlobalIDString = 1894E1471D7CACF800F1852A;
			remoteInfo = AppUtilityExample;
		};
/* End PBXContainerItemProxy section */

/* Begin PBXFileReference section */
		1886372A1D9AA35000532D96 /* AUDate.swift */ = {isa = PBXFileReference; fileEncoding = 4; lastKnownFileType = sourcecode.swift; path = AUDate.swift; sourceTree = "<group>"; };
		1894E1481D7CACF800F1852A /* AppUtilityExample.app */ = {isa = PBXFileReference; explicitFileType = wrapper.application; includeInIndex = 0; path = AppUtilityExample.app; sourceTree = BUILT_PRODUCTS_DIR; };
		1894E14B1D7CACF800F1852A /* AppDelegate.swift */ = {isa = PBXFileReference; lastKnownFileType = sourcecode.swift; path = AppDelegate.swift; sourceTree = "<group>"; };
		1894E14D1D7CACF800F1852A /* ViewController.swift */ = {isa = PBXFileReference; lastKnownFileType = sourcecode.swift; path = ViewController.swift; sourceTree = "<group>"; };
		1894E1501D7CACF800F1852A /* Base */ = {isa = PBXFileReference; lastKnownFileType = file.storyboard; name = Base; path = Base.lproj/Main.storyboard; sourceTree = "<group>"; };
		1894E1521D7CACF800F1852A /* Assets.xcassets */ = {isa = PBXFileReference; lastKnownFileType = folder.assetcatalog; path = Assets.xcassets; sourceTree = "<group>"; };
		1894E1551D7CACF800F1852A /* Base */ = {isa = PBXFileReference; lastKnownFileType = file.storyboard; name = Base; path = Base.lproj/LaunchScreen.storyboard; sourceTree = "<group>"; };
		1894E1571D7CACF800F1852A /* Info.plist */ = {isa = PBXFileReference; lastKnownFileType = text.plist.xml; path = Info.plist; sourceTree = "<group>"; };
		1894E15C1D7CACF800F1852A /* AppUtilityExampleTests.xctest */ = {isa = PBXFileReference; explicitFileType = wrapper.cfbundle; includeInIndex = 0; path = AppUtilityExampleTests.xctest; sourceTree = BUILT_PRODUCTS_DIR; };
		1894E1601D7CACF800F1852A /* AppUtilityExampleTests.swift */ = {isa = PBXFileReference; lastKnownFileType = sourcecode.swift; path = AppUtilityExampleTests.swift; sourceTree = "<group>"; };
		1894E1621D7CACF800F1852A /* Info.plist */ = {isa = PBXFileReference; lastKnownFileType = text.plist.xml; path = Info.plist; sourceTree = "<group>"; };
		1894E16C1D7CAD7500F1852A /* AUAlertMessage.swift */ = {isa = PBXFileReference; fileEncoding = 4; lastKnownFileType = sourcecode.swift; path = AUAlertMessage.swift; sourceTree = "<group>"; };
		1894E16D1D7CAD7500F1852A /* AUColor.swift */ = {isa = PBXFileReference; fileEncoding = 4; lastKnownFileType = sourcecode.swift; path = AUColor.swift; sourceTree = "<group>"; };
		1894E16E1D7CAD7500F1852A /* AUImage.swift */ = {isa = PBXFileReference; fileEncoding = 4; lastKnownFileType = sourcecode.swift; path = AUImage.swift; sourceTree = "<group>"; };
		1894E16F1D7CAD7500F1852A /* AULabel.swift */ = {isa = PBXFileReference; fileEncoding = 4; lastKnownFileType = sourcecode.swift; path = AULabel.swift; sourceTree = "<group>"; };
		1894E1701D7CAD7500F1852A /* AUReachability.swift */ = {isa = PBXFileReference; fileEncoding = 4; lastKnownFileType = sourcecode.swift; path = AUReachability.swift; sourceTree = "<group>"; };
		1894E1711D7CAD7500F1852A /* AUString.swift */ = {isa = PBXFileReference; fileEncoding = 4; lastKnownFileType = sourcecode.swift; path = AUString.swift; sourceTree = "<group>"; };
		1894E1721D7CAD7500F1852A /* AUTextField.swift */ = {isa = PBXFileReference; fileEncoding = 4; lastKnownFileType = sourcecode.swift; path = AUTextField.swift; sourceTree = "<group>"; };
		18F6C1FE1DBE12CA00AA964C /* AUImageView.swift */ = {isa = PBXFileReference; fileEncoding = 4; lastKnownFileType = sourcecode.swift; path = AUImageView.swift; sourceTree = "<group>"; };
/* End PBXFileReference section */

/* Begin PBXFrameworksBuildPhase section */
		1894E1451D7CACF800F1852A /* Frameworks */ = {
			isa = PBXFrameworksBuildPhase;
			buildActionMask = 2147483647;
			files = (
			);
			runOnlyForDeploymentPostprocessing = 0;
		};
		1894E1591D7CACF800F1852A /* Frameworks */ = {
			isa = PBXFrameworksBuildPhase;
			buildActionMask = 2147483647;
			files = (
			);
			runOnlyForDeploymentPostprocessing = 0;
		};
/* End PBXFrameworksBuildPhase section */

/* Begin PBXGroup section */
		1894E13F1D7CACF800F1852A = {
			isa = PBXGroup;
			children = (
				1894E14A1D7CACF800F1852A /* AppUtilityExample */,
				1894E15F1D7CACF800F1852A /* AppUtilityExampleTests */,
				1894E1491D7CACF800F1852A /* Products */,
			);
			sourceTree = "<group>";
		};
		1894E1491D7CACF800F1852A /* Products */ = {
			isa = PBXGroup;
			children = (
				1894E1481D7CACF800F1852A /* AppUtilityExample.app */,
				1894E15C1D7CACF800F1852A /* AppUtilityExampleTests.xctest */,
			);
			name = Products;
			sourceTree = "<group>";
		};
		1894E14A1D7CACF800F1852A /* AppUtilityExample */ = {
			isa = PBXGroup;
			children = (
				1894E16B1D7CAD7500F1852A /* AppUtility */,
				1894E14B1D7CACF800F1852A /* AppDelegate.swift */,
				1894E14D1D7CACF800F1852A /* ViewController.swift */,
				1894E14F1D7CACF800F1852A /* Main.storyboard */,
				1894E1521D7CACF800F1852A /* Assets.xcassets */,
				1894E1541D7CACF800F1852A /* LaunchScreen.storyboard */,
				1894E1571D7CACF800F1852A /* Info.plist */,
			);
			path = AppUtilityExample;
			sourceTree = "<group>";
		};
		1894E15F1D7CACF800F1852A /* AppUtilityExampleTests */ = {
			isa = PBXGroup;
			children = (
				1894E1601D7CACF800F1852A /* AppUtilityExampleTests.swift */,
				1894E1621D7CACF800F1852A /* Info.plist */,
			);
			path = AppUtilityExampleTests;
			sourceTree = "<group>";
		};
		1894E16B1D7CAD7500F1852A /* AppUtility */ = {
			isa = PBXGroup;
			children = (
				1894E16C1D7CAD7500F1852A /* AUAlertMessage.swift */,
				1894E16D1D7CAD7500F1852A /* AUColor.swift */,
				1894E16E1D7CAD7500F1852A /* AUImage.swift */,
				1894E16F1D7CAD7500F1852A /* AULabel.swift */,
				1894E1701D7CAD7500F1852A /* AUReachability.swift */,
				1894E1711D7CAD7500F1852A /* AUString.swift */,
				1894E1721D7CAD7500F1852A /* AUTextField.swift */,
				1886372A1D9AA35000532D96 /* AUDate.swift */,
				18F6C1FE1DBE12CA00AA964C /* AUImageView.swift */,
			);
			path = AppUtility;
			sourceTree = "<group>";
		};
/* End PBXGroup section */

/* Begin PBXNativeTarget section */
		1894E1471D7CACF800F1852A /* AppUtilityExample */ = {
			isa = PBXNativeTarget;
			buildConfigurationList = 1894E1651D7CACF800F1852A /* Build configuration list for PBXNativeTarget "AppUtilityExample" */;
			buildPhases = (
				1894E1441D7CACF800F1852A /* Sources */,
				1894E1451D7CACF800F1852A /* Frameworks */,
				1894E1461D7CACF800F1852A /* Resources */,
			);
			buildRules = (
			);
			dependencies = (
			);
			name = AppUtilityExample;
			productName = AppUtilityExample;
			productReference = 1894E1481D7CACF800F1852A /* AppUtilityExample.app */;
			productType = "com.apple.product-type.application";
		};
		1894E15B1D7CACF800F1852A /* AppUtilityExampleTests */ = {
			isa = PBXNativeTarget;
			buildConfigurationList = 1894E1681D7CACF800F1852A /* Build configuration list for PBXNativeTarget "AppUtilityExampleTests" */;
			buildPhases = (
				1894E1581D7CACF800F1852A /* Sources */,
				1894E1591D7CACF800F1852A /* Frameworks */,
				1894E15A1D7CACF800F1852A /* Resources */,
			);
			buildRules = (
			);
			dependencies = (
				1894E15E1D7CACF800F1852A /* PBXTargetDependency */,
			);
			name = AppUtilityExampleTests;
			productName = AppUtilityExampleTests;
			productReference = 1894E15C1D7CACF800F1852A /* AppUtilityExampleTests.xctest */;
			productType = "com.apple.product-type.bundle.unit-test";
		};
/* End PBXNativeTarget section */

/* Begin PBXProject section */
		1894E1401D7CACF800F1852A /* Project object */ = {
			isa = PBXProject;
			attributes = {
				LastSwiftUpdateCheck = 0730;
				LastUpgradeCheck = 0810;
				ORGANIZATIONNAME = "Sunil Sharma";
				TargetAttributes = {
					1894E1471D7CACF800F1852A = {
						CreatedOnToolsVersion = 7.3;
						DevelopmentTeam = 9V7MYB9CK7;
						LastSwiftMigration = 0810;
						ProvisioningStyle = Automatic;
					};
					1894E15B1D7CACF800F1852A = {
						CreatedOnToolsVersion = 7.3;
						LastSwiftMigration = 0810;
						TestTargetID = 1894E1471D7CACF800F1852A;
					};
				};
			};
			buildConfigurationList = 1894E1431D7CACF800F1852A /* Build configuration list for PBXProject "AppUtilityExample" */;
			compatibilityVersion = "Xcode 3.2";
			developmentRegion = English;
			hasScannedForEncodings = 0;
			knownRegions = (
				en,
				Base,
			);
			mainGroup = 1894E13F1D7CACF800F1852A;
			productRefGroup = 1894E1491D7CACF800F1852A /* Products */;
			projectDirPath = "";
			projectRoot = "";
			targets = (
				1894E1471D7CACF800F1852A /* AppUtilityExample */,
				1894E15B1D7CACF800F1852A /* AppUtilityExampleTests */,
			);
		};
/* End PBXProject section */

/* Begin PBXResourcesBuildPhase section */
		1894E1461D7CACF800F1852A /* Resources */ = {
			isa = PBXResourcesBuildPhase;
			buildActionMask = 2147483647;
			files = (
				1894E1561D7CACF800F1852A /* LaunchScreen.storyboard in Resources */,
				1894E1531D7CACF800F1852A /* Assets.xcassets in Resources */,
				1894E1511D7CACF800F1852A /* Main.storyboard in Resources */,
			);
			runOnlyForDeploymentPostprocessing = 0;
		};
		1894E15A1D7CACF800F1852A /* Resources */ = {
			isa = PBXResourcesBuildPhase;
			buildActionMask = 2147483647;
			files = (
			);
			runOnlyForDeploymentPostprocessing = 0;
		};
/* End PBXResourcesBuildPhase section */

/* Begin PBXSourcesBuildPhase section */
		1894E1441D7CACF800F1852A /* Sources */ = {
			isa = PBXSourcesBuildPhase;
			buildActionMask = 2147483647;
			files = (
				1894E1761D7CAD7500F1852A /* AUImage.swift in Sources */,
				1894E1741D7CAD7500F1852A /* AUAlertMessage.swift in Sources */,
				1894E1771D7CAD7500F1852A /* AULabel.swift in Sources */,
				1894E1781D7CAD7500F1852A /* AUReachability.swift in Sources */,
				18F6C1FF1DBE12CA00AA964C /* AUImageView.swift in Sources */,
				1894E1751D7CAD7500F1852A /* AUColor.swift in Sources */,
				1894E17A1D7CAD7500F1852A /* AUTextField.swift in Sources */,
				1894E14E1D7CACF800F1852A /* ViewController.swift in Sources */,
				1894E1791D7CAD7500F1852A /* AUString.swift in Sources */,
				1886372B1D9AA35000532D96 /* AUDate.swift in Sources */,
				1894E14C1D7CACF800F1852A /* AppDelegate.swift in Sources */,
			);
			runOnlyForDeploymentPostprocessing = 0;
		};
		1894E1581D7CACF800F1852A /* Sources */ = {
			isa = PBXSourcesBuildPhase;
			buildActionMask = 2147483647;
			files = (
				1894E1611D7CACF800F1852A /* AppUtilityExampleTests.swift in Sources */,
			);
			runOnlyForDeploymentPostprocessing = 0;
		};
/* End PBXSourcesBuildPhase section */

/* Begin PBXTargetDependency section */
		1894E15E1D7CACF800F1852A /* PBXTargetDependency */ = {
			isa = PBXTargetDependency;
			target = 1894E1471D7CACF800F1852A /* AppUtilityExample */;
			targetProxy = 1894E15D1D7CACF800F1852A /* PBXContainerItemProxy */;
		};
/* End PBXTargetDependency section */

/* Begin PBXVariantGroup section */
		1894E14F1D7CACF800F1852A /* Main.storyboard */ = {
			isa = PBXVariantGroup;
			children = (
				1894E1501D7CACF800F1852A /* Base */,
			);
			name = Main.storyboard;
			sourceTree = "<group>";
		};
		1894E1541D7CACF800F1852A /* LaunchScreen.storyboard */ = {
			isa = PBXVariantGroup;
			children = (
				1894E1551D7CACF800F1852A /* Base */,
			);
			name = LaunchScreen.storyboard;
			sourceTree = "<group>";
		};
/* End PBXVariantGroup section */

/* Begin XCBuildConfiguration section */
		1894E1631D7CACF800F1852A /* Debug */ = {
			isa = XCBuildConfiguration;
			buildSettings = {
				ALWAYS_SEARCH_USER_PATHS = NO;
				CLANG_ANALYZER_NONNULL = YES;
				CLANG_CXX_LANGUAGE_STANDARD = "gnu++0x";
				CLANG_CXX_LIBRARY = "libc++";
				CLANG_ENABLE_MODULES = YES;
				CLANG_ENABLE_OBJC_ARC = YES;
				CLANG_WARN_BOOL_CONVERSION = YES;
				CLANG_WARN_CONSTANT_CONVERSION = YES;
				CLANG_WARN_DIRECT_OBJC_ISA_USAGE = YES_ERROR;
				CLANG_WARN_EMPTY_BODY = YES;
				CLANG_WARN_ENUM_CONVERSION = YES;
				CLANG_WARN_INFINITE_RECURSION = YES;
				CLANG_WARN_INT_CONVERSION = YES;
				CLANG_WARN_OBJC_ROOT_CLASS = YES_ERROR;
				CLANG_WARN_SUSPICIOUS_MOVE = YES;
				CLANG_WARN_UNREACHABLE_CODE = YES;
				CLANG_WARN__DUPLICATE_METHOD_MATCH = YES;
				"CODE_SIGN_IDENTITY[sdk=iphoneos*]" = "iPhone Developer";
				COPY_PHASE_STRIP = NO;
				DEBUG_INFORMATION_FORMAT = dwarf;
				ENABLE_STRICT_OBJC_MSGSEND = YES;
				ENABLE_TESTABILITY = YES;
				GCC_C_LANGUAGE_STANDARD = gnu99;
				GCC_DYNAMIC_NO_PIC = NO;
				GCC_NO_COMMON_BLOCKS = YES;
				GCC_OPTIMIZATION_LEVEL = 0;
				GCC_PREPROCESSOR_DEFINITIONS = (
					"DEBUG=1",
					"$(inherited)",
				);
				GCC_WARN_64_TO_32_BIT_CONVERSION = YES;
				GCC_WARN_ABOUT_RETURN_TYPE = YES_ERROR;
				GCC_WARN_UNDECLARED_SELECTOR = YES;
				GCC_WARN_UNINITIALIZED_AUTOS = YES_AGGRESSIVE;
				GCC_WARN_UNUSED_FUNCTION = YES;
				GCC_WARN_UNUSED_VARIABLE = YES;
				IPHONEOS_DEPLOYMENT_TARGET = 8.0;
				MTL_ENABLE_DEBUG_INFO = YES;
				ONLY_ACTIVE_ARCH = YES;
				SDKROOT = iphoneos;
				SWIFT_OPTIMIZATION_LEVEL = "-Onone";
				TARGETED_DEVICE_FAMILY = "1,2";
			};
			name = Debug;
		};
		1894E1641D7CACF800F1852A /* Release */ = {
			isa = XCBuildConfiguration;
			buildSettings = {
				ALWAYS_SEARCH_USER_PATHS = NO;
				CLANG_ANALYZER_NONNULL = YES;
				CLANG_CXX_LANGUAGE_STANDARD = "gnu++0x";
				CLANG_CXX_LIBRARY = "libc++";
				CLANG_ENABLE_MODULES = YES;
				CLANG_ENABLE_OBJC_ARC = YES;
				CLANG_WARN_BOOL_CONVERSION = YES;
				CLANG_WARN_CONSTANT_CONVERSION = YES;
				CLANG_WARN_DIRECT_OBJC_ISA_USAGE = YES_ERROR;
				CLANG_WARN_EMPTY_BODY = YES;
				CLANG_WARN_ENUM_CONVERSION = YES;
				CLANG_WARN_INFINITE_RECURSION = YES;
				CLANG_WARN_INT_CONVERSION = YES;
				CLANG_WARN_OBJC_ROOT_CLASS = YES_ERROR;
				CLANG_WARN_SUSPICIOUS_MOVE = YES;
				CLANG_WARN_UNREACHABLE_CODE = YES;
				CLANG_WARN__DUPLICATE_METHOD_MATCH = YES;
				"CODE_SIGN_IDENTITY[sdk=iphoneos*]" = "iPhone Developer";
				COPY_PHASE_STRIP = NO;
				DEBUG_INFORMATION_FORMAT = "dwarf-with-dsym";
				ENABLE_NS_ASSERTIONS = NO;
				ENABLE_STRICT_OBJC_MSGSEND = YES;
				GCC_C_LANGUAGE_STANDARD = gnu99;
				GCC_NO_COMMON_BLOCKS = YES;
				GCC_WARN_64_TO_32_BIT_CONVERSION = YES;
				GCC_WARN_ABOUT_RETURN_TYPE = YES_ERROR;
				GCC_WARN_UNDECLARED_SELECTOR = YES;
				GCC_WARN_UNINITIALIZED_AUTOS = YES_AGGRESSIVE;
				GCC_WARN_UNUSED_FUNCTION = YES;
				GCC_WARN_UNUSED_VARIABLE = YES;
				IPHONEOS_DEPLOYMENT_TARGET = 8.0;
				MTL_ENABLE_DEBUG_INFO = NO;
				SDKROOT = iphoneos;
				SWIFT_OPTIMIZATION_LEVEL = "-Owholemodule";
				TARGETED_DEVICE_FAMILY = "1,2";
				VALIDATE_PRODUCT = YES;
			};
			name = Release;
		};
		1894E1661D7CACF800F1852A /* Debug */ = {
			isa = XCBuildConfiguration;
			buildSettings = {
				ASSETCATALOG_COMPILER_APPICON_NAME = AppIcon;
				"CODE_SIGN_IDENTITY[sdk=iphoneos*]" = "iPhone Developer";
				DEVELOPMENT_TEAM = 9V7MYB9CK7;
				INFOPLIST_FILE = AppUtilityExample/Info.plist;
				LD_RUNPATH_SEARCH_PATHS = "$(inherited) @executable_path/Frameworks";
				PRODUCT_BUNDLE_IDENTIFIER = com.sunilsharma.AppUtilityExample;
				PRODUCT_NAME = "$(TARGET_NAME)";
				SWIFT_VERSION = 3.0;
			};
			name = Debug;
		};
		1894E1671D7CACF800F1852A /* Release */ = {
			isa = XCBuildConfiguration;
			buildSettings = {
				ASSETCATALOG_COMPILER_APPICON_NAME = AppIcon;
				"CODE_SIGN_IDENTITY[sdk=iphoneos*]" = "iPhone Developer";
				DEVELOPMENT_TEAM = 9V7MYB9CK7;
				INFOPLIST_FILE = AppUtilityExample/Info.plist;
				LD_RUNPATH_SEARCH_PATHS = "$(inherited) @executable_path/Frameworks";
				PRODUCT_BUNDLE_IDENTIFIER = com.sunilsharma.AppUtilityExample;
				PRODUCT_NAME = "$(TARGET_NAME)";
				SWIFT_VERSION = 3.0;
			};
			name = Release;
		};
		1894E1691D7CACF800F1852A /* Debug */ = {
			isa = XCBuildConfiguration;
			buildSettings = {
				BUNDLE_LOADER = "$(TEST_HOST)";
				INFOPLIST_FILE = AppUtilityExampleTests/Info.plist;
				LD_RUNPATH_SEARCH_PATHS = "$(inherited) @executable_path/Frameworks @loader_path/Frameworks";
				PRODUCT_BUNDLE_IDENTIFIER = com.sunilsharma.AppUtilityExampleTests;
				PRODUCT_NAME = "$(TARGET_NAME)";
				SWIFT_VERSION = 3.0;
				TEST_HOST = "$(BUILT_PRODUCTS_DIR)/AppUtilityExample.app/AppUtilityExample";
			};
			name = Debug;
		};
		1894E16A1D7CACF800F1852A /* Release */ = {
			isa = XCBuildConfiguration;
			buildSettings = {
				BUNDLE_LOADER = "$(TEST_HOST)";
				INFOPLIST_FILE = AppUtilityExampleTests/Info.plist;
				LD_RUNPATH_SEARCH_PATHS = "$(inherited) @executable_path/Frameworks @loader_path/Frameworks";
				PRODUCT_BUNDLE_IDENTIFIER = com.sunilsharma.AppUtilityExampleTests;
				PRODUCT_NAME = "$(TARGET_NAME)";
				SWIFT_VERSION = 3.0;
				TEST_HOST = "$(BUILT_PRODUCTS_DIR)/AppUtilityExample.app/AppUtilityExample";
			};
			name = Release;
		};
/* End XCBuildConfiguration section */

/* Begin XCConfigurationList section */
		1894E1431D7CACF800F1852A /* Build configuration list for PBXProject "AppUtilityExample" */ = {
			isa = XCConfigurationList;
			buildConfigurations = (
				1894E1631D7CACF800F1852A /* Debug */,
				1894E1641D7CACF800F1852A /* Release */,
			);
			defaultConfigurationIsVisible = 0;
			defaultConfigurationName = Release;
		};
		1894E1651D7CACF800F1852A /* Build configuration list for PBXNativeTarget "AppUtilityExample" */ = {
			isa = XCConfigurationList;
			buildConfigurations = (
				1894E1661D7CACF800F1852A /* Debug */,
				1894E1671D7CACF800F1852A /* Release */,
			);
			defaultConfigurationIsVisible = 0;
			defaultConfigurationName = Release;
		};
		1894E1681D7CACF800F1852A /* Build configuration list for PBXNativeTarget "AppUtilityExampleTests" */ = {
			isa = XCConfigurationList;
			buildConfigurations = (
				1894E1691D7CACF800F1852A /* Debug */,
				1894E16A1D7CACF800F1852A /* Release */,
			);
			defaultConfigurationIsVisible = 0;
			defaultConfigurationName = Release;
		};
/* End XCConfigurationList section */
	};
	rootObject = 1894E1401D7CACF800F1852A /* Project object */;
}
